
Microsoft Visual Studio Solution File, Format Version 12.00
# Visual Studio 2012
Project("{FAE04EC0-301F-11D3-BF4B-00C04F79EFBC}") = "PortalProModelo", "..\PortalProModelo\PortalProModelo\PortalProModelo.csproj", "{49FC9F38-C473-4953-ACA3-14844DE92915}"
EndProject
Project("{FAE04EC0-301F-11D3-BF4B-00C04F79EFBC}") = "PortalProWebApi", "..\PortalProWebApi\PortalProWebApi\PortalProWebApi.csproj", "{42D8803E-B646-442F-B8B8-5EF54C368B22}"
EndProject
Project("{E24C65DC-7377-472B-9ABA-BC803B73C61A}") = "PortalProTest", "http://localhost:65228", "{9E3FABA2-3EA5-41D6-A203-BB67536F8E86}"
	ProjectSection(WebsiteProperties) = preProject
		UseIISExpress = "true"
		TargetFrameworkMoniker = ".NETFramework,Version%3Dv4.5"
		Debug.AspNetCompiler.VirtualPath = "/localhost_65228"
		Debug.AspNetCompiler.PhysicalPath = "..\PortalProTest\"
		Debug.AspNetCompiler.TargetPath = "PrecompiledWeb\localhost_65228\"
		Debug.AspNetCompiler.Updateable = "true"
		Debug.AspNetCompiler.ForceOverwrite = "true"
		Debug.AspNetCompiler.FixedNames = "false"
		Debug.AspNetCompiler.Debug = "True"
		Release.AspNetCompiler.VirtualPath = "/localhost_65228"
		Release.AspNetCompiler.PhysicalPath = "..\PortalProTest\"
		Release.AspNetCompiler.TargetPath = "PrecompiledWeb\localhost_65228\"
		Release.AspNetCompiler.Updateable = "true"
		Release.AspNetCompiler.ForceOverwrite = "true"
		Release.AspNetCompiler.FixedNames = "false"
		Release.AspNetCompiler.Debug = "False"
		SlnRelativePath = "..\PortalProTest\"
		DefaultWebSiteLanguage = "Visual C#"
	EndProjectSection
EndProject
Global
	GlobalSection(SolutionConfigurationPlatforms) = preSolution
		Debug|Any CPU = Debug|Any CPU
		Release|Any CPU = Release|Any CPU
	EndGlobalSection
	GlobalSection(ProjectConfigurationPlatforms) = postSolution
		{49FC9F38-C473-4953-ACA3-14844DE92915}.Debug|Any CPU.ActiveCfg = Debug|Any CPU
		{49FC9F38-C473-4953-ACA3-14844DE92915}.Debug|Any CPU.Build.0 = Debug|Any CPU
		{49FC9F38-C473-4953-ACA3-14844DE92915}.Release|Any CPU.ActiveCfg = Release|Any CPU
		{49FC9F38-C473-4953-ACA3-14844DE92915}.Release|Any CPU.Build.0 = Release|Any CPU
		{42D8803E-B646-442F-B8B8-5EF54C368B22}.Debug|Any CPU.ActiveCfg = Debug|Any CPU
		{42D8803E-B646-442F-B8B8-5EF54C368B22}.Debug|Any CPU.Build.0 = Debug|Any CPU
		{42D8803E-B646-442F-B8B8-5EF54C368B22}.Release|Any CPU.ActiveCfg = Release|Any CPU
		{42D8803E-B646-442F-B8B8-5EF54C368B22}.Release|Any CPU.Build.0 = Release|Any CPU
		{9E3FABA2-3EA5-41D6-A203-BB67536F8E86}.Debug|Any CPU.ActiveCfg = Debug|Any CPU
		{9E3FABA2-3EA5-41D6-A203-BB67536F8E86}.Debug|Any CPU.Build.0 = Debug|Any CPU
		{9E3FABA2-3EA5-41D6-A203-BB67536F8E86}.Release|Any CPU.ActiveCfg = Debug|Any CPU
		{9E3FABA2-3EA5-41D6-A203-BB67536F8E86}.Release|Any CPU.Build.0 = Debug|Any CPU
	EndGlobalSection
	GlobalSection(SolutionProperties) = preSolution
		HideSolutionNode = FALSE
	EndGlobalSection
EndGlobal
